<?xml version="1.0" encoding="utf-8"?>
<Project ToolsVersion="17.0" xmlns="http://schemas.microsoft.com/developer/msbuild/2003">
  <ItemGroup>
    <ClCompile Include="C:\Users\elenka\Documents\GitHub\Laba\Res 1\main.cpp">
      <Filter>Source Files</Filter>
    </ClCompile>
  </ItemGroup>
  <ItemGroup>
    <CustomBuild Include="C:\Users\elenka\Documents\GitHub\Laba\Res 1\CMakeLists.txt" />
  </ItemGroup>
  <ItemGroup>
    <Filter Include="Source Files">
      <UniqueIdentifier>{32B1B2B4-3874-334E-831E-DC3F4F3D642C}</UniqueIdentifier>
    </Filter>
  </ItemGroup>
</Project>
